
Microsoft Visual Studio Solution File, Format Version 12.00
# Visual Studio 14
VisualStudioVersion = 14.0.25420.1
MinimumVisualStudioVersion = 10.0.40219.1
Project("{2150E333-8FDC-42A3-9474-1A3956D46DE8}") = "src", "src", "{ED6A0C32-16A0-4898-AF93-154E7384800E}"
EndProject
Project("{2150E333-8FDC-42A3-9474-1A3956D46DE8}") = "Solution Items", "Solution Items", "{4DF86119-717F-4F37-A3CE-D623B08261F4}"
	ProjectSection(SolutionItems) = preProject
		global.json = global.json
	EndProjectSection
EndProject
Project("{8BB2217D-0F2D-49D1-97BC-3654ED321F3B}") = "TheWorld", "src\TheWorld\TheWorld.xproj", "{5E18D7F2-DA64-4D63-B8EF-23B4E91EB286}"
EndProject
Global
	GlobalSection(SolutionConfigurationPlatforms) = preSolution
		Debug|Any CPU = Debug|Any CPU
		Release|Any CPU = Release|Any CPU
	EndGlobalSection
	GlobalSection(ProjectConfigurationPlatforms) = postSolution
		{5E18D7F2-DA64-4D63-B8EF-23B4E91EB286}.Debug|Any CPU.ActiveCfg = Debug|Any CPU
		{5E18D7F2-DA64-4D63-B8EF-23B4E91EB286}.Debug|Any CPU.Build.0 = Debug|Any CPU
		{5E18D7F2-DA64-4D63-B8EF-23B4E91EB286}.Release|Any CPU.ActiveCfg = Release|Any CPU
		{5E18D7F2-DA64-4D63-B8EF-23B4E91EB286}.Release|Any CPU.Build.0 = Release|Any CPU
	EndGlobalSection
	GlobalSection(SolutionProperties) = preSolution
		HideSolutionNode = FALSE
	EndGlobalSection
	GlobalSection(NestedProjects) = preSolution
		{5E18D7F2-DA64-4D63-B8EF-23B4E91EB286} = {ED6A0C32-16A0-4898-AF93-154E7384800E}
	EndGlobalSection
EndGlobal
